
Microsoft Visual Studio Solution File, Format Version 12.00
# Visual Studio Version 17
VisualStudioVersion = 17.12.35527.113
MinimumVisualStudioVersion = 10.0.40219.1
Project("{2150E333-8FDC-42A3-9474-1A3956D46DE8}") = "src", "src", "{6A492A6E-E2E4-4E4C-8865-B7A8EA0DC7B8}"
EndProject
Project("{2150E333-8FDC-42A3-9474-1A3956D46DE8}") = "Services", "Services", "{D0244F6F-2D54-462A-AEBB-06D9019A282B}"
EndProject
Project("{2150E333-8FDC-42A3-9474-1A3956D46DE8}") = "Catalalog", "Catalalog", "{5BFD1058-2BB9-4472-A5EA-5063107B8A27}"
EndProject
Project("{FAE04EC0-301F-11D3-BF4B-00C04F79EFBC}") = "Catalog.API", "src\Services\Catalog\Catalog.API\Catalog.API.csproj", "{A9498726-5933-4C00-9B05-CB027BE4A795}"
EndProject
Project("{2150E333-8FDC-42A3-9474-1A3956D46DE8}") = "BuildingBlocks", "BuildingBlocks", "{B1C793FE-B95C-40FE-8303-9F7884CFC5B6}"
EndProject
Project("{FAE04EC0-301F-11D3-BF4B-00C04F79EFBC}") = "BuildingBlocks", "src\BuildingBlocks\BuildingBlocks\BuildingBlocks.csproj", "{2983D1D6-6B77-4A91-A47E-B80ABDDC6F94}"
EndProject
Project("{E53339B2-1760-4266-BCC7-CA923CBCF16C}") = "docker-compose", "docker-compose.dcproj", "{8A962727-4C1A-4368-99A8-30021A8DEF53}"
EndProject
Project("{2150E333-8FDC-42A3-9474-1A3956D46DE8}") = "Basket", "Basket", "{2B0D1F6F-C9F8-4B89-8C20-1C18190623E8}"
EndProject
Project("{FAE04EC0-301F-11D3-BF4B-00C04F79EFBC}") = "Basket.API", "src\Services\Basket\Basket.API\Basket.API.csproj", "{AE190214-CAEC-48FF-B2A8-0A822DDA3CFA}"
EndProject
Project("{2150E333-8FDC-42A3-9474-1A3956D46DE8}") = "Discount", "Discount", "{611B10DE-D1D9-4CC0-AF8E-AF5380225FBB}"
EndProject
Project("{FAE04EC0-301F-11D3-BF4B-00C04F79EFBC}") = "Discount.Grpc", "src\Services\Discount\Discount.Grpc\Discount.Grpc.csproj", "{F8BB4DCE-FDD2-497E-8694-86BC824D1797}"
EndProject
Project("{2150E333-8FDC-42A3-9474-1A3956D46DE8}") = "Ordering", "Ordering", "{DE50D200-B106-4539-856F-A35BDE29852B}"
EndProject
Project("{FAE04EC0-301F-11D3-BF4B-00C04F79EFBC}") = "Ordering.API", "src\Services\Ordering\Ordering.API\Ordering.API.csproj", "{58974F96-67E9-496C-A4E1-F9F2BBBF71C2}"
EndProject
Project("{FAE04EC0-301F-11D3-BF4B-00C04F79EFBC}") = "Ordering.Domain", "src\Services\Ordering\Ordering.Domain\Ordering.Domain.csproj", "{85B600AF-2B39-48E7-A974-F8F2F240A481}"
EndProject
Project("{FAE04EC0-301F-11D3-BF4B-00C04F79EFBC}") = "Ordering.Application", "src\Services\Ordering\Ordering.Application\Ordering.Application.csproj", "{9B20089D-FF28-4D8B-8CC8-0400E5D9F72C}"
EndProject
Project("{FAE04EC0-301F-11D3-BF4B-00C04F79EFBC}") = "Ordering.Infrastructure", "src\Services\Ordering\Ordering.Infrastructure\Ordering.Infrastructure.csproj", "{8A3BA1A1-B174-4AA5-89BD-5C74C1EAE190}"
EndProject
Project("{FAE04EC0-301F-11D3-BF4B-00C04F79EFBC}") = "BuildingBlocks.Messaging", "src\BuildingBlocks\BuildingBlocks.Messaging\BuildingBlocks.Messaging.csproj", "{92163ACA-9111-4E03-AB13-BE8D6609962D}"
EndProject
Project("{2150E333-8FDC-42A3-9474-1A3956D46DE8}") = "ApiGateways", "ApiGateways", "{A212DB23-E16D-449C-BE37-14DBEDB4CCE2}"
EndProject
Project("{FAE04EC0-301F-11D3-BF4B-00C04F79EFBC}") = "YarpApiGateway", "src\ApiGateways\YarpApiGateway\YarpApiGateway.csproj", "{09D12234-3BC8-4FBF-BFE6-DF236F27BF96}"
EndProject
Global
	GlobalSection(SolutionConfigurationPlatforms) = preSolution
		Debug|Any CPU = Debug|Any CPU
		Release|Any CPU = Release|Any CPU
	EndGlobalSection
	GlobalSection(ProjectConfigurationPlatforms) = postSolution
		{A9498726-5933-4C00-9B05-CB027BE4A795}.Debug|Any CPU.ActiveCfg = Debug|Any CPU
		{A9498726-5933-4C00-9B05-CB027BE4A795}.Debug|Any CPU.Build.0 = Debug|Any CPU
		{A9498726-5933-4C00-9B05-CB027BE4A795}.Release|Any CPU.ActiveCfg = Release|Any CPU
		{A9498726-5933-4C00-9B05-CB027BE4A795}.Release|Any CPU.Build.0 = Release|Any CPU
		{2983D1D6-6B77-4A91-A47E-B80ABDDC6F94}.Debug|Any CPU.ActiveCfg = Debug|Any CPU
		{2983D1D6-6B77-4A91-A47E-B80ABDDC6F94}.Debug|Any CPU.Build.0 = Debug|Any CPU
		{2983D1D6-6B77-4A91-A47E-B80ABDDC6F94}.Release|Any CPU.ActiveCfg = Release|Any CPU
		{2983D1D6-6B77-4A91-A47E-B80ABDDC6F94}.Release|Any CPU.Build.0 = Release|Any CPU
		{8A962727-4C1A-4368-99A8-30021A8DEF53}.Debug|Any CPU.ActiveCfg = Debug|Any CPU
		{8A962727-4C1A-4368-99A8-30021A8DEF53}.Debug|Any CPU.Build.0 = Debug|Any CPU
		{8A962727-4C1A-4368-99A8-30021A8DEF53}.Release|Any CPU.ActiveCfg = Release|Any CPU
		{8A962727-4C1A-4368-99A8-30021A8DEF53}.Release|Any CPU.Build.0 = Release|Any CPU
		{AE190214-CAEC-48FF-B2A8-0A822DDA3CFA}.Debug|Any CPU.ActiveCfg = Debug|Any CPU
		{AE190214-CAEC-48FF-B2A8-0A822DDA3CFA}.Debug|Any CPU.Build.0 = Debug|Any CPU
		{AE190214-CAEC-48FF-B2A8-0A822DDA3CFA}.Release|Any CPU.ActiveCfg = Release|Any CPU
		{AE190214-CAEC-48FF-B2A8-0A822DDA3CFA}.Release|Any CPU.Build.0 = Release|Any CPU
		{F8BB4DCE-FDD2-497E-8694-86BC824D1797}.Debug|Any CPU.ActiveCfg = Debug|Any CPU
		{F8BB4DCE-FDD2-497E-8694-86BC824D1797}.Debug|Any CPU.Build.0 = Debug|Any CPU
		{F8BB4DCE-FDD2-497E-8694-86BC824D1797}.Release|Any CPU.ActiveCfg = Release|Any CPU
		{F8BB4DCE-FDD2-497E-8694-86BC824D1797}.Release|Any CPU.Build.0 = Release|Any CPU
		{58974F96-67E9-496C-A4E1-F9F2BBBF71C2}.Debug|Any CPU.ActiveCfg = Debug|Any CPU
		{58974F96-67E9-496C-A4E1-F9F2BBBF71C2}.Debug|Any CPU.Build.0 = Debug|Any CPU
		{58974F96-67E9-496C-A4E1-F9F2BBBF71C2}.Release|Any CPU.ActiveCfg = Release|Any CPU
		{58974F96-67E9-496C-A4E1-F9F2BBBF71C2}.Release|Any CPU.Build.0 = Release|Any CPU
		{85B600AF-2B39-48E7-A974-F8F2F240A481}.Debug|Any CPU.ActiveCfg = Debug|Any CPU
		{85B600AF-2B39-48E7-A974-F8F2F240A481}.Debug|Any CPU.Build.0 = Debug|Any CPU
		{85B600AF-2B39-48E7-A974-F8F2F240A481}.Release|Any CPU.ActiveCfg = Release|Any CPU
		{85B600AF-2B39-48E7-A974-F8F2F240A481}.Release|Any CPU.Build.0 = Release|Any CPU
		{9B20089D-FF28-4D8B-8CC8-0400E5D9F72C}.Debug|Any CPU.ActiveCfg = Debug|Any CPU
		{9B20089D-FF28-4D8B-8CC8-0400E5D9F72C}.Debug|Any CPU.Build.0 = Debug|Any CPU
		{9B20089D-FF28-4D8B-8CC8-0400E5D9F72C}.Release|Any CPU.ActiveCfg = Release|Any CPU
		{9B20089D-FF28-4D8B-8CC8-0400E5D9F72C}.Release|Any CPU.Build.0 = Release|Any CPU
		{8A3BA1A1-B174-4AA5-89BD-5C74C1EAE190}.Debug|Any CPU.ActiveCfg = Debug|Any CPU
		{8A3BA1A1-B174-4AA5-89BD-5C74C1EAE190}.Debug|Any CPU.Build.0 = Debug|Any CPU
		{8A3BA1A1-B174-4AA5-89BD-5C74C1EAE190}.Release|Any CPU.ActiveCfg = Release|Any CPU
		{8A3BA1A1-B174-4AA5-89BD-5C74C1EAE190}.Release|Any CPU.Build.0 = Release|Any CPU
		{92163ACA-9111-4E03-AB13-BE8D6609962D}.Debug|Any CPU.ActiveCfg = Debug|Any CPU
		{92163ACA-9111-4E03-AB13-BE8D6609962D}.Debug|Any CPU.Build.0 = Debug|Any CPU
		{92163ACA-9111-4E03-AB13-BE8D6609962D}.Release|Any CPU.ActiveCfg = Release|Any CPU
		{92163ACA-9111-4E03-AB13-BE8D6609962D}.Release|Any CPU.Build.0 = Release|Any CPU
		{09D12234-3BC8-4FBF-BFE6-DF236F27BF96}.Debug|Any CPU.ActiveCfg = Debug|Any CPU
		{09D12234-3BC8-4FBF-BFE6-DF236F27BF96}.Debug|Any CPU.Build.0 = Debug|Any CPU
		{09D12234-3BC8-4FBF-BFE6-DF236F27BF96}.Release|Any CPU.ActiveCfg = Release|Any CPU
		{09D12234-3BC8-4FBF-BFE6-DF236F27BF96}.Release|Any CPU.Build.0 = Release|Any CPU
	EndGlobalSection
	GlobalSection(SolutionProperties) = preSolution
		HideSolutionNode = FALSE
	EndGlobalSection
	GlobalSection(NestedProjects) = preSolution
		{D0244F6F-2D54-462A-AEBB-06D9019A282B} = {6A492A6E-E2E4-4E4C-8865-B7A8EA0DC7B8}
		{5BFD1058-2BB9-4472-A5EA-5063107B8A27} = {D0244F6F-2D54-462A-AEBB-06D9019A282B}
		{A9498726-5933-4C00-9B05-CB027BE4A795} = {5BFD1058-2BB9-4472-A5EA-5063107B8A27}
		{B1C793FE-B95C-40FE-8303-9F7884CFC5B6} = {6A492A6E-E2E4-4E4C-8865-B7A8EA0DC7B8}
		{2983D1D6-6B77-4A91-A47E-B80ABDDC6F94} = {B1C793FE-B95C-40FE-8303-9F7884CFC5B6}
		{2B0D1F6F-C9F8-4B89-8C20-1C18190623E8} = {D0244F6F-2D54-462A-AEBB-06D9019A282B}
		{AE190214-CAEC-48FF-B2A8-0A822DDA3CFA} = {2B0D1F6F-C9F8-4B89-8C20-1C18190623E8}
		{611B10DE-D1D9-4CC0-AF8E-AF5380225FBB} = {D0244F6F-2D54-462A-AEBB-06D9019A282B}
		{F8BB4DCE-FDD2-497E-8694-86BC824D1797} = {611B10DE-D1D9-4CC0-AF8E-AF5380225FBB}
		{DE50D200-B106-4539-856F-A35BDE29852B} = {D0244F6F-2D54-462A-AEBB-06D9019A282B}
		{58974F96-67E9-496C-A4E1-F9F2BBBF71C2} = {DE50D200-B106-4539-856F-A35BDE29852B}
		{85B600AF-2B39-48E7-A974-F8F2F240A481} = {DE50D200-B106-4539-856F-A35BDE29852B}
		{9B20089D-FF28-4D8B-8CC8-0400E5D9F72C} = {DE50D200-B106-4539-856F-A35BDE29852B}
		{8A3BA1A1-B174-4AA5-89BD-5C74C1EAE190} = {DE50D200-B106-4539-856F-A35BDE29852B}
		{92163ACA-9111-4E03-AB13-BE8D6609962D} = {B1C793FE-B95C-40FE-8303-9F7884CFC5B6}
		{A212DB23-E16D-449C-BE37-14DBEDB4CCE2} = {6A492A6E-E2E4-4E4C-8865-B7A8EA0DC7B8}
		{09D12234-3BC8-4FBF-BFE6-DF236F27BF96} = {A212DB23-E16D-449C-BE37-14DBEDB4CCE2}
	EndGlobalSection
EndGlobal
