
Microsoft Visual Studio Solution File, Format Version 12.00
# Visual Studio Version 17
VisualStudioVersion = 17.12.35527.113
MinimumVisualStudioVersion = 10.0.40219.1
Project("{2150E333-8FDC-42A3-9474-1A3956D46DE8}") = "src", "src", "{6A492A6E-E2E4-4E4C-8865-B7A8EA0DC7B8}"
EndProject
Project("{2150E333-8FDC-42A3-9474-1A3956D46DE8}") = "Services", "Services", "{D0244F6F-2D54-462A-AEBB-06D9019A282B}"
EndProject
Project("{2150E333-8FDC-42A3-9474-1A3956D46DE8}") = "Catalalog", "Catalalog", "{5BFD1058-2BB9-4472-A5EA-5063107B8A27}"
EndProject
Project("{FAE04EC0-301F-11D3-BF4B-00C04F79EFBC}") = "Catalog.API", "src\Services\Catalog\Catalog.API\Catalog.API.csproj", "{A9498726-5933-4C00-9B05-CB027BE4A795}"
EndProject
Project("{2150E333-8FDC-42A3-9474-1A3956D46DE8}") = "BuildingBlocks", "BuildingBlocks", "{B1C793FE-B95C-40FE-8303-9F7884CFC5B6}"
EndProject
Project("{FAE04EC0-301F-11D3-BF4B-00C04F79EFBC}") = "BuildingBlocks", "src\BuildingBlocks\BuildingBlocks\BuildingBlocks.csproj", "{2983D1D6-6B77-4A91-A47E-B80ABDDC6F94}"
EndProject
Project("{E53339B2-1760-4266-BCC7-CA923CBCF16C}") = "docker-compose", "docker-compose.dcproj", "{8A962727-4C1A-4368-99A8-30021A8DEF53}"
EndProject
Project("{2150E333-8FDC-42A3-9474-1A3956D46DE8}") = "Basket", "Basket", "{2B0D1F6F-C9F8-4B89-8C20-1C18190623E8}"
EndProject
Project("{FAE04EC0-301F-11D3-BF4B-00C04F79EFBC}") = "Basket.API", "src\Services\Basket\Basket.API\Basket.API.csproj", "{AE190214-CAEC-48FF-B2A8-0A822DDA3CFA}"
EndProject
Global
	GlobalSection(SolutionConfigurationPlatforms) = preSolution
		Debug|Any CPU = Debug|Any CPU
		Release|Any CPU = Release|Any CPU
	EndGlobalSection
	GlobalSection(ProjectConfigurationPlatforms) = postSolution
		{A9498726-5933-4C00-9B05-CB027BE4A795}.Debug|Any CPU.ActiveCfg = Debug|Any CPU
		{A9498726-5933-4C00-9B05-CB027BE4A795}.Debug|Any CPU.Build.0 = Debug|Any CPU
		{A9498726-5933-4C00-9B05-CB027BE4A795}.Release|Any CPU.ActiveCfg = Release|Any CPU
		{A9498726-5933-4C00-9B05-CB027BE4A795}.Release|Any CPU.Build.0 = Release|Any CPU
		{2983D1D6-6B77-4A91-A47E-B80ABDDC6F94}.Debug|Any CPU.ActiveCfg = Debug|Any CPU
		{2983D1D6-6B77-4A91-A47E-B80ABDDC6F94}.Debug|Any CPU.Build.0 = Debug|Any CPU
		{2983D1D6-6B77-4A91-A47E-B80ABDDC6F94}.Release|Any CPU.ActiveCfg = Release|Any CPU
		{2983D1D6-6B77-4A91-A47E-B80ABDDC6F94}.Release|Any CPU.Build.0 = Release|Any CPU
		{8A962727-4C1A-4368-99A8-30021A8DEF53}.Debug|Any CPU.ActiveCfg = Debug|Any CPU
		{8A962727-4C1A-4368-99A8-30021A8DEF53}.Debug|Any CPU.Build.0 = Debug|Any CPU
		{8A962727-4C1A-4368-99A8-30021A8DEF53}.Release|Any CPU.ActiveCfg = Release|Any CPU
		{8A962727-4C1A-4368-99A8-30021A8DEF53}.Release|Any CPU.Build.0 = Release|Any CPU
		{AE190214-CAEC-48FF-B2A8-0A822DDA3CFA}.Debug|Any CPU.ActiveCfg = Debug|Any CPU
		{AE190214-CAEC-48FF-B2A8-0A822DDA3CFA}.Debug|Any CPU.Build.0 = Debug|Any CPU
		{AE190214-CAEC-48FF-B2A8-0A822DDA3CFA}.Release|Any CPU.ActiveCfg = Release|Any CPU
		{AE190214-CAEC-48FF-B2A8-0A822DDA3CFA}.Release|Any CPU.Build.0 = Release|Any CPU
	EndGlobalSection
	GlobalSection(SolutionProperties) = preSolution
		HideSolutionNode = FALSE
	EndGlobalSection
	GlobalSection(NestedProjects) = preSolution
		{D0244F6F-2D54-462A-AEBB-06D9019A282B} = {6A492A6E-E2E4-4E4C-8865-B7A8EA0DC7B8}
		{5BFD1058-2BB9-4472-A5EA-5063107B8A27} = {D0244F6F-2D54-462A-AEBB-06D9019A282B}
		{A9498726-5933-4C00-9B05-CB027BE4A795} = {5BFD1058-2BB9-4472-A5EA-5063107B8A27}
		{B1C793FE-B95C-40FE-8303-9F7884CFC5B6} = {6A492A6E-E2E4-4E4C-8865-B7A8EA0DC7B8}
		{2983D1D6-6B77-4A91-A47E-B80ABDDC6F94} = {B1C793FE-B95C-40FE-8303-9F7884CFC5B6}
		{2B0D1F6F-C9F8-4B89-8C20-1C18190623E8} = {D0244F6F-2D54-462A-AEBB-06D9019A282B}
		{AE190214-CAEC-48FF-B2A8-0A822DDA3CFA} = {2B0D1F6F-C9F8-4B89-8C20-1C18190623E8}
	EndGlobalSection
EndGlobal
